{
  "originHash" : "5d48ea4d9a0a9cc32361c5724c80ec633ba9f1c57558b3a9bc867ac27c2ae8e2",
  "pins" : [
    {
      "identity" : "feather-push",
      "kind" : "remoteSourceControl",
      "location" : "https://github.com/feather-framework/feather-push.git",
      "state" : {
        "revision" : "10b6c4ed4cf0005c116a565bb3b036402ae916ad",
        "version" : "1.0.0-beta.2"
      }
    }
  ],
  "version" : 3
}
