{
  "originHash" : "5d48ea4d9a0a9cc32361c5724c80ec633ba9f1c57558b3a9bc867ac27c2ae8e2",
  "pins" : [
    {
      "identity" : "feather-push",
      "kind" : "remoteSourceControl",
      "location" : "https://github.com/feather-framework/feather-push",
      "state" : {
        "revision" : "e06495a562b32ae8d846dab443243e4984ab78df",
        "version" : "1.0.0-beta.1"
      }
    }
  ],
  "version" : 3
}
